
Microsoft Visual Studio Solution File, Format Version 12.00
# Visual Studio Version 16
VisualStudioVersion = 16.0.29009.5
MinimumVisualStudioVersion = 10.0.40219.1
Project("{FAE04EC0-301F-11D3-BF4B-00C04F79EFBC}") = "WeatherApp", "WeatherApp\WeatherApp.csproj", "{F5F15ED4-116F-4574-8EE5-FF1AF6DE2DCD}"
EndProject
Global
	GlobalSection(SolutionConfigurationPlatforms) = preSolution
		Debug|Any CPU = Debug|Any CPU
		Release|Any CPU = Release|Any CPU
	EndGlobalSection
	GlobalSection(ProjectConfigurationPlatforms) = postSolution
		{F5F15ED4-116F-4574-8EE5-FF1AF6DE2DCD}.Debug|Any CPU.ActiveCfg = Debug|Any CPU
		{F5F15ED4-116F-4574-8EE5-FF1AF6DE2DCD}.Debug|Any CPU.Build.0 = Debug|Any CPU
		{F5F15ED4-116F-4574-8EE5-FF1AF6DE2DCD}.Release|Any CPU.ActiveCfg = Release|Any CPU
		{F5F15ED4-116F-4574-8EE5-FF1AF6DE2DCD}.Release|Any CPU.Build.0 = Release|Any CPU
	EndGlobalSection
	GlobalSection(SolutionProperties) = preSolution
		HideSolutionNode = FALSE
	EndGlobalSection
	GlobalSection(ExtensibilityGlobals) = postSolution
		SolutionGuid = {432C080D-BB91-440E-A23A-2F5AA994D253}
	EndGlobalSection
EndGlobal
